PODS:
  - DDCometClient (1.0.1)
  - Expecta (0.4.2)
  - FXReachability (1.3.1)

DEPENDENCIES:
  - DDCometClient (~> 1.0)
  - Expecta
  - FXReachability (~> 1.3)

SPEC CHECKSUMS:
  DDCometClient: d0c81b6bf58c74b29114440b94ef7027f450f055
  Expecta: 78b4e8b0c8291fa4524d7f74016b6065c2e391ec
  FXReachability: 1d9a83617474f2a4e1b53c11a13ec4337428c126

COCOAPODS: 0.36.3
