// !$*UTF8*$!
{
	archiveVersion = 1;
	classes = {
	};
	objectVersion = 46;
	objects = {

/* Begin PBXAggregateTarget section */
		501224DD1A9120B5005BFDA1 /* Framework */ = {
			isa = PBXAggregateTarget;
			buildConfigurationList = 501224DE1A9120B5005BFDA1 /* Build configuration list for PBXAggregateTarget "Framework" */;
			buildPhases = (
				501224E31A9120CF005BFDA1 /* Build Framework */,
			);
			dependencies = (
				501224E21A9120BC005BFDA1 /* PBXTargetDependency */,
			);
			name = Framework;
			productName = Framework;
		};
/* End PBXAggregateTarget section */

/* Begin PBXBuildFile section */
		501224B21A90BBA5005BFDA1 /* PodioPlatformKit.h in CopyFiles */ = {isa = PBXBuildFile; fileRef = 501224B11A90BBA5005BFDA1 /* PodioPlatformKit.h */; };
		501224BA1A90BBA6005BFDA1 /* libPodioPlatformKit.a in Frameworks */ = {isa = PBXBuildFile; fileRef = 501224AE1A90BBA5005BFDA1 /* libPodioPlatformKit.a */; };
		50298D901AEA45FC0012D4C7 /* PKTAuthenticationAPI.m in Sources */ = {isa = PBXBuildFile; fileRef = 50298D101AEA45FC0012D4C7 /* PKTAuthenticationAPI.m */; };
		50298D911AEA45FC0012D4C7 /* PKTBaseAPI.m in Sources */ = {isa = PBXBuildFile; fileRef = 50298D121AEA45FC0012D4C7 /* PKTBaseAPI.m */; };
		50298D921AEA45FC0012D4C7 /* PKTFilesAPI.m in Sources */ = {isa = PBXBuildFile; fileRef = 50298D141AEA45FC0012D4C7 /* PKTFilesAPI.m */; };
		50298D931AEA45FC0012D4C7 /* PKTUsersAPI.m in Sources */ = {isa = PBXBuildFile; fileRef = 50298D161AEA45FC0012D4C7 /* PKTUsersAPI.m */; };
		50298D941AEA45FC0012D4C7 /* PKTAsyncTask.m in Sources */ = {isa = PBXBuildFile; fileRef = 50298D191AEA45FC0012D4C7 /* PKTAsyncTask.m */; };
		50298D951AEA45FC0012D4C7 /* PKTClient.m in Sources */ = {isa = PBXBuildFile; fileRef = 50298D1B1AEA45FC0012D4C7 /* PKTClient.m */; };
		50298D961AEA45FC0012D4C7 /* PKTDatastore.m in Sources */ = {isa = PBXBuildFile; fileRef = 50298D1D1AEA45FC0012D4C7 /* PKTDatastore.m */; };
		50298D971AEA45FC0012D4C7 /* PKTHTTPClient.m in Sources */ = {isa = PBXBuildFile; fileRef = 50298D1F1AEA45FC0012D4C7 /* PKTHTTPClient.m */; };
		50298D981AEA45FC0012D4C7 /* PKTKeychain.m in Sources */ = {isa = PBXBuildFile; fileRef = 50298D211AEA45FC0012D4C7 /* PKTKeychain.m */; };
		50298D991AEA45FC0012D4C7 /* PKTKeychainTokenStore.m in Sources */ = {isa = PBXBuildFile; fileRef = 50298D231AEA45FC0012D4C7 /* PKTKeychainTokenStore.m */; };
		50298D9A1AEA45FC0012D4C7 /* PKTMultipartFormData.m in Sources */ = {isa = PBXBuildFile; fileRef = 50298D251AEA45FC0012D4C7 /* PKTMultipartFormData.m */; };
		50298D9B1AEA45FC0012D4C7 /* PKTRequest.m in Sources */ = {isa = PBXBuildFile; fileRef = 50298D271AEA45FC0012D4C7 /* PKTRequest.m */; };
		50298D9C1AEA45FC0012D4C7 /* PKTRequestFileData.m in Sources */ = {isa = PBXBuildFile; fileRef = 50298D291AEA45FC0012D4C7 /* PKTRequestFileData.m */; };
		50298D9D1AEA45FC0012D4C7 /* PKTRequestSerializer.m in Sources */ = {isa = PBXBuildFile; fileRef = 50298D2B1AEA45FC0012D4C7 /* PKTRequestSerializer.m */; };
		50298D9E1AEA45FC0012D4C7 /* PKTResponse.m in Sources */ = {isa = PBXBuildFile; fileRef = 50298D2D1AEA45FC0012D4C7 /* PKTResponse.m */; };
		50298D9F1AEA45FC0012D4C7 /* PKTResponseSerializer.m in Sources */ = {isa = PBXBuildFile; fileRef = 50298D2F1AEA45FC0012D4C7 /* PKTResponseSerializer.m */; };
		50298DA01AEA45FC0012D4C7 /* PKTSecurity.m in Sources */ = {isa = PBXBuildFile; fileRef = 50298D311AEA45FC0012D4C7 /* PKTSecurity.m */; };
		50298DA11AEA45FC0012D4C7 /* PKTURLSessionTaskDelegate.m in Sources */ = {isa = PBXBuildFile; fileRef = 50298D341AEA45FC0012D4C7 /* PKTURLSessionTaskDelegate.m */; };
		50298DA21AEA45FC0012D4C7 /* Podio.m in Sources */ = {isa = PBXBuildFile; fileRef = 50298D361AEA45FC0012D4C7 /* Podio.m */; };
		50298DA31AEA45FC0012D4C7 /* PKTFile.m in Sources */ = {isa = PBXBuildFile; fileRef = 50298D391AEA45FC0012D4C7 /* PKTFile.m */; };
		50298DA41AEA45FC0012D4C7 /* PKTModel.m in Sources */ = {isa = PBXBuildFile; fileRef = 50298D3B1AEA45FC0012D4C7 /* PKTModel.m */; };
		50298DA51AEA45FC0012D4C7 /* PKTOAuth2Token.m in Sources */ = {isa = PBXBuildFile; fileRef = 50298D3D1AEA45FC0012D4C7 /* PKTOAuth2Token.m */; };
		50298DA61AEA45FC0012D4C7 /* PKTPushCredential.m in Sources */ = {isa = PBXBuildFile; fileRef = 50298D3F1AEA45FC0012D4C7 /* PKTPushCredential.m */; };
		50298DA71AEA45FC0012D4C7 /* NSArray+PKTAdditions.m in Sources */ = {isa = PBXBuildFile; fileRef = 50298D431AEA45FC0012D4C7 /* NSArray+PKTAdditions.m */; };
		50298DA81AEA45FC0012D4C7 /* NSDate+PKTAdditions.m in Sources */ = {isa = PBXBuildFile; fileRef = 50298D451AEA45FC0012D4C7 /* NSDate+PKTAdditions.m */; };
		50298DA91AEA45FC0012D4C7 /* NSDateFormatter+PKTAdditions.m in Sources */ = {isa = PBXBuildFile; fileRef = 50298D471AEA45FC0012D4C7 /* NSDateFormatter+PKTAdditions.m */; };
		50298DAA1AEA45FC0012D4C7 /* NSDictionary+PKTAdditions.m in Sources */ = {isa = PBXBuildFile; fileRef = 50298D491AEA45FC0012D4C7 /* NSDictionary+PKTAdditions.m */; };
		50298DAB1AEA45FC0012D4C7 /* NSDictionary+PKTQueryParameters.m in Sources */ = {isa = PBXBuildFile; fileRef = 50298D4B1AEA45FC0012D4C7 /* NSDictionary+PKTQueryParameters.m */; };
		50298DAC1AEA45FC0012D4C7 /* NSError+PKTErrors.m in Sources */ = {isa = PBXBuildFile; fileRef = 50298D4D1AEA45FC0012D4C7 /* NSError+PKTErrors.m */; };
		50298DAD1AEA45FC0012D4C7 /* NSFileManager+PKTAdditions.m in Sources */ = {isa = PBXBuildFile; fileRef = 50298D4F1AEA45FC0012D4C7 /* NSFileManager+PKTAdditions.m */; };
		50298DAE1AEA45FC0012D4C7 /* NSMutableURLRequest+PKTHeaders.m in Sources */ = {isa = PBXBuildFile; fileRef = 50298D511AEA45FC0012D4C7 /* NSMutableURLRequest+PKTHeaders.m */; };
		50298DAF1AEA45FC0012D4C7 /* NSNumber+PKTAdditions.m in Sources */ = {isa = PBXBuildFile; fileRef = 50298D531AEA45FC0012D4C7 /* NSNumber+PKTAdditions.m */; };
		50298DB01AEA45FC0012D4C7 /* NSNumberFormatter+PKTAdditions.m in Sources */ = {isa = PBXBuildFile; fileRef = 50298D551AEA45FC0012D4C7 /* NSNumberFormatter+PKTAdditions.m */; };
		50298DB11AEA45FC0012D4C7 /* NSObject+PKTIntrospection.m in Sources */ = {isa = PBXBuildFile; fileRef = 50298D571AEA45FC0012D4C7 /* NSObject+PKTIntrospection.m */; };
		50298DB21AEA45FC0012D4C7 /* NSSet+PKTAdditions.m in Sources */ = {isa = PBXBuildFile; fileRef = 50298D591AEA45FC0012D4C7 /* NSSet+PKTAdditions.m */; };
		50298DB31AEA45FC0012D4C7 /* NSString+ PKTURLEncode.m in Sources */ = {isa = PBXBuildFile; fileRef = 50298D5A1AEA45FC0012D4C7 /* NSString+ PKTURLEncode.m */; };
		50298DB41AEA45FC0012D4C7 /* NSString+PKTAdditions.m in Sources */ = {isa = PBXBuildFile; fileRef = 50298D5C1AEA45FC0012D4C7 /* NSString+PKTAdditions.m */; };
		50298DB51AEA45FC0012D4C7 /* NSString+PKTBase64.m in Sources */ = {isa = PBXBuildFile; fileRef = 50298D5E1AEA45FC0012D4C7 /* NSString+PKTBase64.m */; };
		50298DB61AEA45FC0012D4C7 /* NSString+PKTRandom.m in Sources */ = {isa = PBXBuildFile; fileRef = 50298D601AEA45FC0012D4C7 /* NSString+PKTRandom.m */; };
		50298DB71AEA45FC0012D4C7 /* NSString+PKTURL.m in Sources */ = {isa = PBXBuildFile; fileRef = 50298D621AEA45FC0012D4C7 /* NSString+PKTURL.m */; };
		50298DB81AEA45FC0012D4C7 /* NSURL+PKTAdditions.m in Sources */ = {isa = PBXBuildFile; fileRef = 50298D651AEA45FC0012D4C7 /* NSURL+PKTAdditions.m */; };
		50298DB91AEA45FC0012D4C7 /* NSURL+PKTImageURL.m in Sources */ = {isa = PBXBuildFile; fileRef = 50298D671AEA45FC0012D4C7 /* NSURL+PKTImageURL.m */; };
		50298DBA1AEA45FC0012D4C7 /* NSValueTransformer+PKTConstants.m in Sources */ = {isa = PBXBuildFile; fileRef = 50298D691AEA45FC0012D4C7 /* NSValueTransformer+PKTConstants.m */; };
		50298DBB1AEA45FC0012D4C7 /* NSValueTransformer+PKTTransformers.m in Sources */ = {isa = PBXBuildFile; fileRef = 50298D6B1AEA45FC0012D4C7 /* NSValueTransformer+PKTTransformers.m */; };
		50298DBC1AEA45FC0012D4C7 /* PKTAppFieldTypeValueTransformer.m in Sources */ = {isa = PBXBuildFile; fileRef = 50298D6D1AEA45FC0012D4C7 /* PKTAppFieldTypeValueTransformer.m */; };
		50298DBD1AEA45FC0012D4C7 /* PKTBlockValueTransformer.m in Sources */ = {isa = PBXBuildFile; fileRef = 50298D6F1AEA45FC0012D4C7 /* PKTBlockValueTransformer.m */; };
		50298DBE1AEA45FC0012D4C7 /* PKTDateValueTransformer.m in Sources */ = {isa = PBXBuildFile; fileRef = 50298D721AEA45FC0012D4C7 /* PKTDateValueTransformer.m */; };
		50298DBF1AEA45FC0012D4C7 /* PKTDictionaryMappingValueTransformer.m in Sources */ = {isa = PBXBuildFile; fileRef = 50298D741AEA45FC0012D4C7 /* PKTDictionaryMappingValueTransformer.m */; };
		50298DC01AEA45FC0012D4C7 /* PKTModelValueTransformer.m in Sources */ = {isa = PBXBuildFile; fileRef = 50298D771AEA45FC0012D4C7 /* PKTModelValueTransformer.m */; };
		50298DC11AEA45FC0012D4C7 /* PKTNumberValueTransformer.m in Sources */ = {isa = PBXBuildFile; fileRef = 50298D791AEA45FC0012D4C7 /* PKTNumberValueTransformer.m */; };
		50298DC21AEA45FC0012D4C7 /* PKTReferenceTypeValueTransformer.m in Sources */ = {isa = PBXBuildFile; fileRef = 50298D7B1AEA45FC0012D4C7 /* PKTReferenceTypeValueTransformer.m */; };
		50298DC31AEA45FC0012D4C7 /* PKTReversibleBlockValueTransformer.m in Sources */ = {isa = PBXBuildFile; fileRef = 50298D7D1AEA45FC0012D4C7 /* PKTReversibleBlockValueTransformer.m */; };
		50298DC41AEA45FC0012D4C7 /* PKTURLValueTransformer.m in Sources */ = {isa = PBXBuildFile; fileRef = 50298D7F1AEA45FC0012D4C7 /* PKTURLValueTransformer.m */; };
		50298DC51AEA45FC0012D4C7 /* PKTPushClient.m in Sources */ = {isa = PBXBuildFile; fileRef = 50298D821AEA45FC0012D4C7 /* PKTPushClient.m */; };
		50298DC61AEA45FC0012D4C7 /* PKTPushEvent.m in Sources */ = {isa = PBXBuildFile; fileRef = 50298D841AEA45FC0012D4C7 /* PKTPushEvent.m */; };
		50298DC71AEA45FC0012D4C7 /* PKTFile+UIImage.m in Sources */ = {isa = PBXBuildFile; fileRef = 50298D871AEA45FC0012D4C7 /* PKTFile+UIImage.m */; };
		50298DC81AEA45FC0012D4C7 /* PKTImageCache.m in Sources */ = {isa = PBXBuildFile; fileRef = 50298D891AEA45FC0012D4C7 /* PKTImageCache.m */; };
		50298DC91AEA45FC0012D4C7 /* PKTImageDownloader.m in Sources */ = {isa = PBXBuildFile; fileRef = 50298D8B1AEA45FC0012D4C7 /* PKTImageDownloader.m */; };
		50298DCA1AEA45FC0012D4C7 /* UIButton+PKTRemoteImage.m in Sources */ = {isa = PBXBuildFile; fileRef = 50298D8D1AEA45FC0012D4C7 /* UIButton+PKTRemoteImage.m */; };
		50298DCB1AEA45FC0012D4C7 /* UIImageView+PKTRemoteImage.m in Sources */ = {isa = PBXBuildFile; fileRef = 50298D8F1AEA45FC0012D4C7 /* UIImageView+PKTRemoteImage.m */; };
		503042811A91403700082A39 /* PKTAppsAPI.m in Sources */ = {isa = PBXBuildFile; fileRef = 503042801A91403700082A39 /* PKTAppsAPI.m */; };
		503042821A91411A00082A39 /* PKTAppsAPI.h in CopyFiles */ = {isa = PBXBuildFile; fileRef = 5030427F1A91403700082A39 /* PKTAppsAPI.h */; };
		50F2761D1AE63B1900CA33C7 /* PodioPlatformKitTests.m in Sources */ = {isa = PBXBuildFile; fileRef = 50F2761C1AE63B1900CA33C7 /* PodioPlatformKitTests.m */; };
		5E589DA30EA2F28F1C27C737 /* libPods-PodioPlatformKit.a in Frameworks */ = {isa = PBXBuildFile; fileRef = 5922D88386DF2B43A88B1BB6 /* libPods-PodioPlatformKit.a */; };
		F754EC857CA51E6276353C7E /* libPods-PodioPlatformKitTests.a in Frameworks */ = {isa = PBXBuildFile; fileRef = 89C1D0BE53DB514EE04F1149 /* libPods-PodioPlatformKitTests.a */; };
/* End PBXBuildFile section */

/* Begin PBXContainerItemProxy section */
		501224BB1A90BBA6005BFDA1 /* PBXContainerItemProxy */ = {
			isa = PBXContainerItemProxy;
			containerPortal = 501224A61A90BBA5005BFDA1 /* Project object */;
			proxyType = 1;
			remoteGlobalIDString = 501224AD1A90BBA5005BFDA1;
			remoteInfo = PodioPlatformKit;
		};
		501224E11A9120BC005BFDA1 /* PBXContainerItemProxy */ = {
			isa = PBXContainerItemProxy;
			containerPortal = 501224A61A90BBA5005BFDA1 /* Project object */;
			proxyType = 1;
			remoteGlobalIDString = 501224AD1A90BBA5005BFDA1;
			remoteInfo = PodioPlatformKit;
		};
/* End PBXContainerItemProxy section */

/* Begin PBXCopyFilesBuildPhase section */
		501224AC1A90BBA5005BFDA1 /* CopyFiles */ = {
			isa = PBXCopyFilesBuildPhase;
			buildActionMask = 2147483647;
			dstPath = "include/$(PRODUCT_NAME)";
			dstSubfolderSpec = 16;
			files = (
				503042821A91411A00082A39 /* PKTAppsAPI.h in CopyFiles */,
				501224B21A90BBA5005BFDA1 /* PodioPlatformKit.h in CopyFiles */,
			);
			runOnlyForDeploymentPostprocessing = 0;
		};
/* End PBXCopyFilesBuildPhase section */

/* Begin PBXFileReference section */
		23E560BC807100A42DCCAABF /* Pods-PodioPlatformKitTests.debug.xcconfig */ = {isa = PBXFileReference; includeInIndex = 1; lastKnownFileType = text.xcconfig; name = "Pods-PodioPlatformKitTests.debug.xcconfig"; path = "Pods/Target Support Files/Pods-PodioPlatformKitTests/Pods-PodioPlatformKitTests.debug.xcconfig"; sourceTree = "<group>"; };
		501224AE1A90BBA5005BFDA1 /* libPodioPlatformKit.a */ = {isa = PBXFileReference; explicitFileType = archive.ar; includeInIndex = 0; path = libPodioPlatformKit.a; sourceTree = BUILT_PRODUCTS_DIR; };
		501224B11A90BBA5005BFDA1 /* PodioPlatformKit.h */ = {isa = PBXFileReference; lastKnownFileType = sourcecode.c.h; path = PodioPlatformKit.h; sourceTree = "<group>"; };
		501224B91A90BBA6005BFDA1 /* PodioPlatformKitTests.xctest */ = {isa = PBXFileReference; explicitFileType = wrapper.cfbundle; includeInIndex = 0; path = PodioPlatformKitTests.xctest; sourceTree = BUILT_PRODUCTS_DIR; };
		501224BF1A90BBA6005BFDA1 /* Info.plist */ = {isa = PBXFileReference; lastKnownFileType = text.plist.xml; path = Info.plist; sourceTree = "<group>"; };
		50298D0F1AEA45FC0012D4C7 /* PKTAuthenticationAPI.h */ = {isa = PBXFileReference; fileEncoding = 4; lastKnownFileType = sourcecode.c.h; path = PKTAuthenticationAPI.h; sourceTree = "<group>"; };
		50298D101AEA45FC0012D4C7 /* PKTAuthenticationAPI.m */ = {isa = PBXFileReference; fileEncoding = 4; lastKnownFileType = sourcecode.c.objc; path = PKTAuthenticationAPI.m; sourceTree = "<group>"; };
		50298D111AEA45FC0012D4C7 /* PKTBaseAPI.h */ = {isa = PBXFileReference; fileEncoding = 4; lastKnownFileType = sourcecode.c.h; path = PKTBaseAPI.h; sourceTree = "<group>"; };
		50298D121AEA45FC0012D4C7 /* PKTBaseAPI.m */ = {isa = PBXFileReference; fileEncoding = 4; lastKnownFileType = sourcecode.c.objc; path = PKTBaseAPI.m; sourceTree = "<group>"; };
		50298D131AEA45FC0012D4C7 /* PKTFilesAPI.h */ = {isa = PBXFileReference; fileEncoding = 4; lastKnownFileType = sourcecode.c.h; path = PKTFilesAPI.h; sourceTree = "<group>"; };
		50298D141AEA45FC0012D4C7 /* PKTFilesAPI.m */ = {isa = PBXFileReference; fileEncoding = 4; lastKnownFileType = sourcecode.c.objc; path = PKTFilesAPI.m; sourceTree = "<group>"; };
		50298D151AEA45FC0012D4C7 /* PKTUsersAPI.h */ = {isa = PBXFileReference; fileEncoding = 4; lastKnownFileType = sourcecode.c.h; path = PKTUsersAPI.h; sourceTree = "<group>"; };
		50298D161AEA45FC0012D4C7 /* PKTUsersAPI.m */ = {isa = PBXFileReference; fileEncoding = 4; lastKnownFileType = sourcecode.c.objc; path = PKTUsersAPI.m; sourceTree = "<group>"; };
		50298D181AEA45FC0012D4C7 /* PKTAsyncTask.h */ = {isa = PBXFileReference; fileEncoding = 4; lastKnownFileType = sourcecode.c.h; path = PKTAsyncTask.h; sourceTree = "<group>"; };
		50298D191AEA45FC0012D4C7 /* PKTAsyncTask.m */ = {isa = PBXFileReference; fileEncoding = 4; lastKnownFileType = sourcecode.c.objc; path = PKTAsyncTask.m; sourceTree = "<group>"; };
		50298D1A1AEA45FC0012D4C7 /* PKTClient.h */ = {isa = PBXFileReference; fileEncoding = 4; lastKnownFileType = sourcecode.c.h; path = PKTClient.h; sourceTree = "<group>"; };
		50298D1B1AEA45FC0012D4C7 /* PKTClient.m */ = {isa = PBXFileReference; fileEncoding = 4; lastKnownFileType = sourcecode.c.objc; path = PKTClient.m; sourceTree = "<group>"; };
		50298D1C1AEA45FC0012D4C7 /* PKTDatastore.h */ = {isa = PBXFileReference; fileEncoding = 4; lastKnownFileType = sourcecode.c.h; path = PKTDatastore.h; sourceTree = "<group>"; };
		50298D1D1AEA45FC0012D4C7 /* PKTDatastore.m */ = {isa = PBXFileReference; fileEncoding = 4; lastKnownFileType = sourcecode.c.objc; path = PKTDatastore.m; sourceTree = "<group>"; };
		50298D1E1AEA45FC0012D4C7 /* PKTHTTPClient.h */ = {isa = PBXFileReference; fileEncoding = 4; lastKnownFileType = sourcecode.c.h; path = PKTHTTPClient.h; sourceTree = "<group>"; };
		50298D1F1AEA45FC0012D4C7 /* PKTHTTPClient.m */ = {isa = PBXFileReference; fileEncoding = 4; lastKnownFileType = sourcecode.c.objc; path = PKTHTTPClient.m; sourceTree = "<group>"; };
		50298D201AEA45FC0012D4C7 /* PKTKeychain.h */ = {isa = PBXFileReference; fileEncoding = 4; lastKnownFileType = sourcecode.c.h; path = PKTKeychain.h; sourceTree = "<group>"; };
		50298D211AEA45FC0012D4C7 /* PKTKeychain.m */ = {isa = PBXFileReference; fileEncoding = 4; lastKnownFileType = sourcecode.c.objc; path = PKTKeychain.m; sourceTree = "<group>"; };
		50298D221AEA45FC0012D4C7 /* PKTKeychainTokenStore.h */ = {isa = PBXFileReference; fileEncoding = 4; lastKnownFileType = sourcecode.c.h; path = PKTKeychainTokenStore.h; sourceTree = "<group>"; };
		50298D231AEA45FC0012D4C7 /* PKTKeychainTokenStore.m */ = {isa = PBXFileReference; fileEncoding = 4; lastKnownFileType = sourcecode.c.objc; path = PKTKeychainTokenStore.m; sourceTree = "<group>"; };
		50298D241AEA45FC0012D4C7 /* PKTMultipartFormData.h */ = {isa = PBXFileReference; fileEncoding = 4; lastKnownFileType = sourcecode.c.h; path = PKTMultipartFormData.h; sourceTree = "<group>"; };
		50298D251AEA45FC0012D4C7 /* PKTMultipartFormData.m */ = {isa = PBXFileReference; fileEncoding = 4; lastKnownFileType = sourcecode.c.objc; path = PKTMultipartFormData.m; sourceTree = "<group>"; };
		50298D261AEA45FC0012D4C7 /* PKTRequest.h */ = {isa = PBXFileReference; fileEncoding = 4; lastKnownFileType = sourcecode.c.h; path = PKTRequest.h; sourceTree = "<group>"; };
		50298D271AEA45FC0012D4C7 /* PKTRequest.m */ = {isa = PBXFileReference; fileEncoding = 4; lastKnownFileType = sourcecode.c.objc; path = PKTRequest.m; sourceTree = "<group>"; };
		50298D281AEA45FC0012D4C7 /* PKTRequestFileData.h */ = {isa = PBXFileReference; fileEncoding = 4; lastKnownFileType = sourcecode.c.h; path = PKTRequestFileData.h; sourceTree = "<group>"; };
		50298D291AEA45FC0012D4C7 /* PKTRequestFileData.m */ = {isa = PBXFileReference; fileEncoding = 4; lastKnownFileType = sourcecode.c.objc; path = PKTRequestFileData.m; sourceTree = "<group>"; };
		50298D2A1AEA45FC0012D4C7 /* PKTRequestSerializer.h */ = {isa = PBXFileReference; fileEncoding = 4; lastKnownFileType = sourcecode.c.h; path = PKTRequestSerializer.h; sourceTree = "<group>"; };
		50298D2B1AEA45FC0012D4C7 /* PKTRequestSerializer.m */ = {isa = PBXFileReference; fileEncoding = 4; lastKnownFileType = sourcecode.c.objc; path = PKTRequestSerializer.m; sourceTree = "<group>"; };
		50298D2C1AEA45FC0012D4C7 /* PKTResponse.h */ = {isa = PBXFileReference; fileEncoding = 4; lastKnownFileType = sourcecode.c.h; path = PKTResponse.h; sourceTree = "<group>"; };
		50298D2D1AEA45FC0012D4C7 /* PKTResponse.m */ = {isa = PBXFileReference; fileEncoding = 4; lastKnownFileType = sourcecode.c.objc; path = PKTResponse.m; sourceTree = "<group>"; };
		50298D2E1AEA45FC0012D4C7 /* PKTResponseSerializer.h */ = {isa = PBXFileReference; fileEncoding = 4; lastKnownFileType = sourcecode.c.h; path = PKTResponseSerializer.h; sourceTree = "<group>"; };
		50298D2F1AEA45FC0012D4C7 /* PKTResponseSerializer.m */ = {isa = PBXFileReference; fileEncoding = 4; lastKnownFileType = sourcecode.c.objc; path = PKTResponseSerializer.m; sourceTree = "<group>"; };
		50298D301AEA45FC0012D4C7 /* PKTSecurity.h */ = {isa = PBXFileReference; fileEncoding = 4; lastKnownFileType = sourcecode.c.h; path = PKTSecurity.h; sourceTree = "<group>"; };
		50298D311AEA45FC0012D4C7 /* PKTSecurity.m */ = {isa = PBXFileReference; fileEncoding = 4; lastKnownFileType = sourcecode.c.objc; path = PKTSecurity.m; sourceTree = "<group>"; };
		50298D321AEA45FC0012D4C7 /* PKTTokenStore.h */ = {isa = PBXFileReference; fileEncoding = 4; lastKnownFileType = sourcecode.c.h; path = PKTTokenStore.h; sourceTree = "<group>"; };
		50298D331AEA45FC0012D4C7 /* PKTURLSessionTaskDelegate.h */ = {isa = PBXFileReference; fileEncoding = 4; lastKnownFileType = sourcecode.c.h; path = PKTURLSessionTaskDelegate.h; sourceTree = "<group>"; };
		50298D341AEA45FC0012D4C7 /* PKTURLSessionTaskDelegate.m */ = {isa = PBXFileReference; fileEncoding = 4; lastKnownFileType = sourcecode.c.objc; path = PKTURLSessionTaskDelegate.m; sourceTree = "<group>"; };
		50298D351AEA45FC0012D4C7 /* Podio.h */ = {isa = PBXFileReference; fileEncoding = 4; lastKnownFileType = sourcecode.c.h; path = Podio.h; sourceTree = "<group>"; };
		50298D361AEA45FC0012D4C7 /* Podio.m */ = {isa = PBXFileReference; fileEncoding = 4; lastKnownFileType = sourcecode.c.objc; path = Podio.m; sourceTree = "<group>"; };
		50298D381AEA45FC0012D4C7 /* PKTFile.h */ = {isa = PBXFileReference; fileEncoding = 4; lastKnownFileType = sourcecode.c.h; path = PKTFile.h; sourceTree = "<group>"; };
		50298D391AEA45FC0012D4C7 /* PKTFile.m */ = {isa = PBXFileReference; fileEncoding = 4; lastKnownFileType = sourcecode.c.objc; path = PKTFile.m; sourceTree = "<group>"; };
		50298D3A1AEA45FC0012D4C7 /* PKTModel.h */ = {isa = PBXFileReference; fileEncoding = 4; lastKnownFileType = sourcecode.c.h; path = PKTModel.h; sourceTree = "<group>"; };
		50298D3B1AEA45FC0012D4C7 /* PKTModel.m */ = {isa = PBXFileReference; fileEncoding = 4; lastKnownFileType = sourcecode.c.objc; path = PKTModel.m; sourceTree = "<group>"; };
		50298D3C1AEA45FC0012D4C7 /* PKTOAuth2Token.h */ = {isa = PBXFileReference; fileEncoding = 4; lastKnownFileType = sourcecode.c.h; path = PKTOAuth2Token.h; sourceTree = "<group>"; };
		50298D3D1AEA45FC0012D4C7 /* PKTOAuth2Token.m */ = {isa = PBXFileReference; fileEncoding = 4; lastKnownFileType = sourcecode.c.objc; path = PKTOAuth2Token.m; sourceTree = "<group>"; };
		50298D3E1AEA45FC0012D4C7 /* PKTPushCredential.h */ = {isa = PBXFileReference; fileEncoding = 4; lastKnownFileType = sourcecode.c.h; path = PKTPushCredential.h; sourceTree = "<group>"; };
		50298D3F1AEA45FC0012D4C7 /* PKTPushCredential.m */ = {isa = PBXFileReference; fileEncoding = 4; lastKnownFileType = sourcecode.c.objc; path = PKTPushCredential.m; sourceTree = "<group>"; };
		50298D401AEA45FC0012D4C7 /* PodioKitCore.h */ = {isa = PBXFileReference; fileEncoding = 4; lastKnownFileType = sourcecode.c.h; path = PodioKitCore.h; sourceTree = "<group>"; };
		50298D421AEA45FC0012D4C7 /* NSArray+PKTAdditions.h */ = {isa = PBXFileReference; fileEncoding = 4; lastKnownFileType = sourcecode.c.h; path = "NSArray+PKTAdditions.h"; sourceTree = "<group>"; };
		50298D431AEA45FC0012D4C7 /* NSArray+PKTAdditions.m */ = {isa = PBXFileReference; fileEncoding = 4; lastKnownFileType = sourcecode.c.objc; path = "NSArray+PKTAdditions.m"; sourceTree = "<group>"; };
		50298D441AEA45FC0012D4C7 /* NSDate+PKTAdditions.h */ = {isa = PBXFileReference; fileEncoding = 4; lastKnownFileType = sourcecode.c.h; path = "NSDate+PKTAdditions.h"; sourceTree = "<group>"; };
		50298D451AEA45FC0012D4C7 /* NSDate+PKTAdditions.m */ = {isa = PBXFileReference; fileEncoding = 4; lastKnownFileType = sourcecode.c.objc; path = "NSDate+PKTAdditions.m"; sourceTree = "<group>"; };
		50298D461AEA45FC0012D4C7 /* NSDateFormatter+PKTAdditions.h */ = {isa = PBXFileReference; fileEncoding = 4; lastKnownFileType = sourcecode.c.h; path = "NSDateFormatter+PKTAdditions.h"; sourceTree = "<group>"; };
		50298D471AEA45FC0012D4C7 /* NSDateFormatter+PKTAdditions.m */ = {isa = PBXFileReference; fileEncoding = 4; lastKnownFileType = sourcecode.c.objc; path = "NSDateFormatter+PKTAdditions.m"; sourceTree = "<group>"; };
		50298D481AEA45FC0012D4C7 /* NSDictionary+PKTAdditions.h */ = {isa = PBXFileReference; fileEncoding = 4; lastKnownFileType = sourcecode.c.h; path = "NSDictionary+PKTAdditions.h"; sourceTree = "<group>"; };
		50298D491AEA45FC0012D4C7 /* NSDictionary+PKTAdditions.m */ = {isa = PBXFileReference; fileEncoding = 4; lastKnownFileType = sourcecode.c.objc; path = "NSDictionary+PKTAdditions.m"; sourceTree = "<group>"; };
		50298D4A1AEA45FC0012D4C7 /* NSDictionary+PKTQueryParameters.h */ = {isa = PBXFileReference; fileEncoding = 4; lastKnownFileType = sourcecode.c.h; path = "NSDictionary+PKTQueryParameters.h"; sourceTree = "<group>"; };
		50298D4B1AEA45FC0012D4C7 /* NSDictionary+PKTQueryParameters.m */ = {isa = PBXFileReference; fileEncoding = 4; lastKnownFileType = sourcecode.c.objc; path = "NSDictionary+PKTQueryParameters.m"; sourceTree = "<group>"; };
		50298D4C1AEA45FC0012D4C7 /* NSError+PKTErrors.h */ = {isa = PBXFileReference; fileEncoding = 4; lastKnownFileType = sourcecode.c.h; path = "NSError+PKTErrors.h"; sourceTree = "<group>"; };
		50298D4D1AEA45FC0012D4C7 /* NSError+PKTErrors.m */ = {isa = PBXFileReference; fileEncoding = 4; lastKnownFileType = sourcecode.c.objc; path = "NSError+PKTErrors.m"; sourceTree = "<group>"; };
		50298D4E1AEA45FC0012D4C7 /* NSFileManager+PKTAdditions.h */ = {isa = PBXFileReference; fileEncoding = 4; lastKnownFileType = sourcecode.c.h; path = "NSFileManager+PKTAdditions.h"; sourceTree = "<group>"; };
		50298D4F1AEA45FC0012D4C7 /* NSFileManager+PKTAdditions.m */ = {isa = PBXFileReference; fileEncoding = 4; lastKnownFileType = sourcecode.c.objc; path = "NSFileManager+PKTAdditions.m"; sourceTree = "<group>"; };
		50298D501AEA45FC0012D4C7 /* NSMutableURLRequest+PKTHeaders.h */ = {isa = PBXFileReference; fileEncoding = 4; lastKnownFileType = sourcecode.c.h; path = "NSMutableURLRequest+PKTHeaders.h"; sourceTree = "<group>"; };
		50298D511AEA45FC0012D4C7 /* NSMutableURLRequest+PKTHeaders.m */ = {isa = PBXFileReference; fileEncoding = 4; lastKnownFileType = sourcecode.c.objc; path = "NSMutableURLRequest+PKTHeaders.m"; sourceTree = "<group>"; };
		50298D521AEA45FC0012D4C7 /* NSNumber+PKTAdditions.h */ = {isa = PBXFileReference; fileEncoding = 4; lastKnownFileType = sourcecode.c.h; path = "NSNumber+PKTAdditions.h"; sourceTree = "<group>"; };
		50298D531AEA45FC0012D4C7 /* NSNumber+PKTAdditions.m */ = {isa = PBXFileReference; fileEncoding = 4; lastKnownFileType = sourcecode.c.objc; path = "NSNumber+PKTAdditions.m"; sourceTree = "<group>"; };
		50298D541AEA45FC0012D4C7 /* NSNumberFormatter+PKTAdditions.h */ = {isa = PBXFileReference; fileEncoding = 4; lastKnownFileType = sourcecode.c.h; path = "NSNumberFormatter+PKTAdditions.h"; sourceTree = "<group>"; };
		50298D551AEA45FC0012D4C7 /* NSNumberFormatter+PKTAdditions.m */ = {isa = PBXFileReference; fileEncoding = 4; lastKnownFileType = sourcecode.c.objc; path = "NSNumberFormatter+PKTAdditions.m"; sourceTree = "<group>"; };
		50298D561AEA45FC0012D4C7 /* NSObject+PKTIntrospection.h */ = {isa = PBXFileReference; fileEncoding = 4; lastKnownFileType = sourcecode.c.h; path = "NSObject+PKTIntrospection.h"; sourceTree = "<group>"; };
		50298D571AEA45FC0012D4C7 /* NSObject+PKTIntrospection.m */ = {isa = PBXFileReference; fileEncoding = 4; lastKnownFileType = sourcecode.c.objc; path = "NSObject+PKTIntrospection.m"; sourceTree = "<group>"; };
		50298D581AEA45FC0012D4C7 /* NSSet+PKTAdditions.h */ = {isa = PBXFileReference; fileEncoding = 4; lastKnownFileType = sourcecode.c.h; path = "NSSet+PKTAdditions.h"; sourceTree = "<group>"; };
		50298D591AEA45FC0012D4C7 /* NSSet+PKTAdditions.m */ = {isa = PBXFileReference; fileEncoding = 4; lastKnownFileType = sourcecode.c.objc; path = "NSSet+PKTAdditions.m"; sourceTree = "<group>"; };
		50298D5A1AEA45FC0012D4C7 /* NSString+ PKTURLEncode.m */ = {isa = PBXFileReference; fileEncoding = 4; lastKnownFileType = sourcecode.c.objc; path = "NSString+ PKTURLEncode.m"; sourceTree = "<group>"; };
		50298D5B1AEA45FC0012D4C7 /* NSString+PKTAdditions.h */ = {isa = PBXFileReference; fileEncoding = 4; lastKnownFileType = sourcecode.c.h; path = "NSString+PKTAdditions.h"; sourceTree = "<group>"; };
		50298D5C1AEA45FC0012D4C7 /* NSString+PKTAdditions.m */ = {isa = PBXFileReference; fileEncoding = 4; lastKnownFileType = sourcecode.c.objc; path = "NSString+PKTAdditions.m"; sourceTree = "<group>"; };
		50298D5D1AEA45FC0012D4C7 /* NSString+PKTBase64.h */ = {isa = PBXFileReference; fileEncoding = 4; lastKnownFileType = sourcecode.c.h; path = "NSString+PKTBase64.h"; sourceTree = "<group>"; };
		50298D5E1AEA45FC0012D4C7 /* NSString+PKTBase64.m */ = {isa = PBXFileReference; fileEncoding = 4; lastKnownFileType = sourcecode.c.objc; path = "NSString+PKTBase64.m"; sourceTree = "<group>"; };
		50298D5F1AEA45FC0012D4C7 /* NSString+PKTRandom.h */ = {isa = PBXFileReference; fileEncoding = 4; lastKnownFileType = sourcecode.c.h; path = "NSString+PKTRandom.h"; sourceTree = "<group>"; };
		50298D601AEA45FC0012D4C7 /* NSString+PKTRandom.m */ = {isa = PBXFileReference; fileEncoding = 4; lastKnownFileType = sourcecode.c.objc; path = "NSString+PKTRandom.m"; sourceTree = "<group>"; };
		50298D611AEA45FC0012D4C7 /* NSString+PKTURL.h */ = {isa = PBXFileReference; fileEncoding = 4; lastKnownFileType = sourcecode.c.h; path = "NSString+PKTURL.h"; sourceTree = "<group>"; };
		50298D621AEA45FC0012D4C7 /* NSString+PKTURL.m */ = {isa = PBXFileReference; fileEncoding = 4; lastKnownFileType = sourcecode.c.objc; path = "NSString+PKTURL.m"; sourceTree = "<group>"; };
		50298D631AEA45FC0012D4C7 /* NSString+PKTURLEncode.h */ = {isa = PBXFileReference; fileEncoding = 4; lastKnownFileType = sourcecode.c.h; path = "NSString+PKTURLEncode.h"; sourceTree = "<group>"; };
		50298D641AEA45FC0012D4C7 /* NSURL+PKTAdditions.h */ = {isa = PBXFileReference; fileEncoding = 4; lastKnownFileType = sourcecode.c.h; path = "NSURL+PKTAdditions.h"; sourceTree = "<group>"; };
		50298D651AEA45FC0012D4C7 /* NSURL+PKTAdditions.m */ = {isa = PBXFileReference; fileEncoding = 4; lastKnownFileType = sourcecode.c.objc; path = "NSURL+PKTAdditions.m"; sourceTree = "<group>"; };
		50298D661AEA45FC0012D4C7 /* NSURL+PKTImageURL.h */ = {isa = PBXFileReference; fileEncoding = 4; lastKnownFileType = sourcecode.c.h; path = "NSURL+PKTImageURL.h"; sourceTree = "<group>"; };
		50298D671AEA45FC0012D4C7 /* NSURL+PKTImageURL.m */ = {isa = PBXFileReference; fileEncoding = 4; lastKnownFileType = sourcecode.c.objc; path = "NSURL+PKTImageURL.m"; sourceTree = "<group>"; };
		50298D681AEA45FC0012D4C7 /* NSValueTransformer+PKTConstants.h */ = {isa = PBXFileReference; fileEncoding = 4; lastKnownFileType = sourcecode.c.h; path = "NSValueTransformer+PKTConstants.h"; sourceTree = "<group>"; };
		50298D691AEA45FC0012D4C7 /* NSValueTransformer+PKTConstants.m */ = {isa = PBXFileReference; fileEncoding = 4; lastKnownFileType = sourcecode.c.objc; path = "NSValueTransformer+PKTConstants.m"; sourceTree = "<group>"; };
		50298D6A1AEA45FC0012D4C7 /* NSValueTransformer+PKTTransformers.h */ = {isa = PBXFileReference; fileEncoding = 4; lastKnownFileType = sourcecode.c.h; path = "NSValueTransformer+PKTTransformers.h"; sourceTree = "<group>"; };
		50298D6B1AEA45FC0012D4C7 /* NSValueTransformer+PKTTransformers.m */ = {isa = PBXFileReference; fileEncoding = 4; lastKnownFileType = sourcecode.c.objc; path = "NSValueTransformer+PKTTransformers.m"; sourceTree = "<group>"; };
		50298D6C1AEA45FC0012D4C7 /* PKTAppFieldTypeValueTransformer.h */ = {isa = PBXFileReference; fileEncoding = 4; lastKnownFileType = sourcecode.c.h; path = PKTAppFieldTypeValueTransformer.h; sourceTree = "<group>"; };
		50298D6D1AEA45FC0012D4C7 /* PKTAppFieldTypeValueTransformer.m */ = {isa = PBXFileReference; fileEncoding = 4; lastKnownFileType = sourcecode.c.objc; path = PKTAppFieldTypeValueTransformer.m; sourceTree = "<group>"; };
		50298D6E1AEA45FC0012D4C7 /* PKTBlockValueTransformer.h */ = {isa = PBXFileReference; fileEncoding = 4; lastKnownFileType = sourcecode.c.h; path = PKTBlockValueTransformer.h; sourceTree = "<group>"; };
		50298D6F1AEA45FC0012D4C7 /* PKTBlockValueTransformer.m */ = {isa = PBXFileReference; fileEncoding = 4; lastKnownFileType = sourcecode.c.objc; path = PKTBlockValueTransformer.m; sourceTree = "<group>"; };
		50298D701AEA45FC0012D4C7 /* PKTConstants.h */ = {isa = PBXFileReference; fileEncoding = 4; lastKnownFileType = sourcecode.c.h; path = PKTConstants.h; sourceTree = "<group>"; };
		50298D711AEA45FC0012D4C7 /* PKTDateValueTransformer.h */ = {isa = PBXFileReference; fileEncoding = 4; lastKnownFileType = sourcecode.c.h; path = PKTDateValueTransformer.h; sourceTree = "<group>"; };
		50298D721AEA45FC0012D4C7 /* PKTDateValueTransformer.m */ = {isa = PBXFileReference; fileEncoding = 4; lastKnownFileType = sourcecode.c.objc; path = PKTDateValueTransformer.m; sourceTree = "<group>"; };
		50298D731AEA45FC0012D4C7 /* PKTDictionaryMappingValueTransformer.h */ = {isa = PBXFileReference; fileEncoding = 4; lastKnownFileType = sourcecode.c.h; path = PKTDictionaryMappingValueTransformer.h; sourceTree = "<group>"; };
		50298D741AEA45FC0012D4C7 /* PKTDictionaryMappingValueTransformer.m */ = {isa = PBXFileReference; fileEncoding = 4; lastKnownFileType = sourcecode.c.objc; path = PKTDictionaryMappingValueTransformer.m; sourceTree = "<group>"; };
		50298D751AEA45FC0012D4C7 /* PKTMacros.h */ = {isa = PBXFileReference; fileEncoding = 4; lastKnownFileType = sourcecode.c.h; path = PKTMacros.h; sourceTree = "<group>"; };
		50298D761AEA45FC0012D4C7 /* PKTModelValueTransformer.h */ = {isa = PBXFileReference; fileEncoding = 4; lastKnownFileType = sourcecode.c.h; path = PKTModelValueTransformer.h; sourceTree = "<group>"; };
		50298D771AEA45FC0012D4C7 /* PKTModelValueTransformer.m */ = {isa = PBXFileReference; fileEncoding = 4; lastKnownFileType = sourcecode.c.objc; path = PKTModelValueTransformer.m; sourceTree = "<group>"; };
		50298D781AEA45FC0012D4C7 /* PKTNumberValueTransformer.h */ = {isa = PBXFileReference; fileEncoding = 4; lastKnownFileType = sourcecode.c.h; path = PKTNumberValueTransformer.h; sourceTree = "<group>"; };
		50298D791AEA45FC0012D4C7 /* PKTNumberValueTransformer.m */ = {isa = PBXFileReference; fileEncoding = 4; lastKnownFileType = sourcecode.c.objc; path = PKTNumberValueTransformer.m; sourceTree = "<group>"; };
		50298D7A1AEA45FC0012D4C7 /* PKTReferenceTypeValueTransformer.h */ = {isa = PBXFileReference; fileEncoding = 4; lastKnownFileType = sourcecode.c.h; path = PKTReferenceTypeValueTransformer.h; sourceTree = "<group>"; };
		50298D7B1AEA45FC0012D4C7 /* PKTReferenceTypeValueTransformer.m */ = {isa = PBXFileReference; fileEncoding = 4; lastKnownFileType = sourcecode.c.objc; path = PKTReferenceTypeValueTransformer.m; sourceTree = "<group>"; };
		50298D7C1AEA45FC0012D4C7 /* PKTReversibleBlockValueTransformer.h */ = {isa = PBXFileReference; fileEncoding = 4; lastKnownFileType = sourcecode.c.h; path = PKTReversibleBlockValueTransformer.h; sourceTree = "<group>"; };
		50298D7D1AEA45FC0012D4C7 /* PKTReversibleBlockValueTransformer.m */ = {isa = PBXFileReference; fileEncoding = 4; lastKnownFileType = sourcecode.c.objc; path = PKTReversibleBlockValueTransformer.m; sourceTree = "<group>"; };
		50298D7E1AEA45FC0012D4C7 /* PKTURLValueTransformer.h */ = {isa = PBXFileReference; fileEncoding = 4; lastKnownFileType = sourcecode.c.h; path = PKTURLValueTransformer.h; sourceTree = "<group>"; };
		50298D7F1AEA45FC0012D4C7 /* PKTURLValueTransformer.m */ = {isa = PBXFileReference; fileEncoding = 4; lastKnownFileType = sourcecode.c.objc; path = PKTURLValueTransformer.m; sourceTree = "<group>"; };
		50298D811AEA45FC0012D4C7 /* PKTPushClient.h */ = {isa = PBXFileReference; fileEncoding = 4; lastKnownFileType = sourcecode.c.h; path = PKTPushClient.h; sourceTree = "<group>"; };
		50298D821AEA45FC0012D4C7 /* PKTPushClient.m */ = {isa = PBXFileReference; fileEncoding = 4; lastKnownFileType = sourcecode.c.objc; path = PKTPushClient.m; sourceTree = "<group>"; };
		50298D831AEA45FC0012D4C7 /* PKTPushEvent.h */ = {isa = PBXFileReference; fileEncoding = 4; lastKnownFileType = sourcecode.c.h; path = PKTPushEvent.h; sourceTree = "<group>"; };
		50298D841AEA45FC0012D4C7 /* PKTPushEvent.m */ = {isa = PBXFileReference; fileEncoding = 4; lastKnownFileType = sourcecode.c.objc; path = PKTPushEvent.m; sourceTree = "<group>"; };
		50298D861AEA45FC0012D4C7 /* PKTFile+UIImage.h */ = {isa = PBXFileReference; fileEncoding = 4; lastKnownFileType = sourcecode.c.h; path = "PKTFile+UIImage.h"; sourceTree = "<group>"; };
		50298D871AEA45FC0012D4C7 /* PKTFile+UIImage.m */ = {isa = PBXFileReference; fileEncoding = 4; lastKnownFileType = sourcecode.c.objc; path = "PKTFile+UIImage.m"; sourceTree = "<group>"; };
		50298D881AEA45FC0012D4C7 /* PKTImageCache.h */ = {isa = PBXFileReference; fileEncoding = 4; lastKnownFileType = sourcecode.c.h; path = PKTImageCache.h; sourceTree = "<group>"; };
		50298D891AEA45FC0012D4C7 /* PKTImageCache.m */ = {isa = PBXFileReference; fileEncoding = 4; lastKnownFileType = sourcecode.c.objc; path = PKTImageCache.m; sourceTree = "<group>"; };
		50298D8A1AEA45FC0012D4C7 /* PKTImageDownloader.h */ = {isa = PBXFileReference; fileEncoding = 4; lastKnownFileType = sourcecode.c.h; path = PKTImageDownloader.h; sourceTree = "<group>"; };
		50298D8B1AEA45FC0012D4C7 /* PKTImageDownloader.m */ = {isa = PBXFileReference; fileEncoding = 4; lastKnownFileType = sourcecode.c.objc; path = PKTImageDownloader.m; sourceTree = "<group>"; };
		50298D8C1AEA45FC0012D4C7 /* UIButton+PKTRemoteImage.h */ = {isa = PBXFileReference; fileEncoding = 4; lastKnownFileType = sourcecode.c.h; path = "UIButton+PKTRemoteImage.h"; sourceTree = "<group>"; };
		50298D8D1AEA45FC0012D4C7 /* UIButton+PKTRemoteImage.m */ = {isa = PBXFileReference; fileEncoding = 4; lastKnownFileType = sourcecode.c.objc; path = "UIButton+PKTRemoteImage.m"; sourceTree = "<group>"; };
		50298D8E1AEA45FC0012D4C7 /* UIImageView+PKTRemoteImage.h */ = {isa = PBXFileReference; fileEncoding = 4; lastKnownFileType = sourcecode.c.h; path = "UIImageView+PKTRemoteImage.h"; sourceTree = "<group>"; };
		50298D8F1AEA45FC0012D4C7 /* UIImageView+PKTRemoteImage.m */ = {isa = PBXFileReference; fileEncoding = 4; lastKnownFileType = sourcecode.c.objc; path = "UIImageView+PKTRemoteImage.m"; sourceTree = "<group>"; };
		5030427F1A91403700082A39 /* PKTAppsAPI.h */ = {isa = PBXFileReference; fileEncoding = 4; lastKnownFileType = sourcecode.c.h; path = PKTAppsAPI.h; sourceTree = "<group>"; };
		503042801A91403700082A39 /* PKTAppsAPI.m */ = {isa = PBXFileReference; fileEncoding = 4; lastKnownFileType = sourcecode.c.objc; path = PKTAppsAPI.m; sourceTree = "<group>"; };
		50F2761C1AE63B1900CA33C7 /* PodioPlatformKitTests.m */ = {isa = PBXFileReference; fileEncoding = 4; lastKnownFileType = sourcecode.c.objc; path = PodioPlatformKitTests.m; sourceTree = "<group>"; };
		5922D88386DF2B43A88B1BB6 /* libPods-PodioPlatformKit.a */ = {isa = PBXFileReference; explicitFileType = archive.ar; includeInIndex = 0; path = "libPods-PodioPlatformKit.a"; sourceTree = BUILT_PRODUCTS_DIR; };
		89C1D0BE53DB514EE04F1149 /* libPods-PodioPlatformKitTests.a */ = {isa = PBXFileReference; explicitFileType = archive.ar; includeInIndex = 0; path = "libPods-PodioPlatformKitTests.a"; sourceTree = BUILT_PRODUCTS_DIR; };
		99BB32EE99A8DB193A2FF4C8 /* Pods-PodioPlatformKit.debug.xcconfig */ = {isa = PBXFileReference; includeInIndex = 1; lastKnownFileType = text.xcconfig; name = "Pods-PodioPlatformKit.debug.xcconfig"; path = "Pods/Target Support Files/Pods-PodioPlatformKit/Pods-PodioPlatformKit.debug.xcconfig"; sourceTree = "<group>"; };
		B0D0F9AFC684191AE2A485F2 /* Pods-PodioPlatformKitTests.release.xcconfig */ = {isa = PBXFileReference; includeInIndex = 1; lastKnownFileType = text.xcconfig; name = "Pods-PodioPlatformKitTests.release.xcconfig"; path = "Pods/Target Support Files/Pods-PodioPlatformKitTests/Pods-PodioPlatformKitTests.release.xcconfig"; sourceTree = "<group>"; };
		FD58F4274F4A31925B97AA49 /* Pods-PodioPlatformKit.release.xcconfig */ = {isa = PBXFileReference; includeInIndex = 1; lastKnownFileType = text.xcconfig; name = "Pods-PodioPlatformKit.release.xcconfig"; path = "Pods/Target Support Files/Pods-PodioPlatformKit/Pods-PodioPlatformKit.release.xcconfig"; sourceTree = "<group>"; };
/* End PBXFileReference section */

/* Begin PBXFrameworksBuildPhase section */
		501224AB1A90BBA5005BFDA1 /* Frameworks */ = {
			isa = PBXFrameworksBuildPhase;
			buildActionMask = 2147483647;
			files = (
				5E589DA30EA2F28F1C27C737 /* libPods-PodioPlatformKit.a in Frameworks */,
			);
			runOnlyForDeploymentPostprocessing = 0;
		};
		501224B61A90BBA6005BFDA1 /* Frameworks */ = {
			isa = PBXFrameworksBuildPhase;
			buildActionMask = 2147483647;
			files = (
				501224BA1A90BBA6005BFDA1 /* libPodioPlatformKit.a in Frameworks */,
				F754EC857CA51E6276353C7E /* libPods-PodioPlatformKitTests.a in Frameworks */,
			);
			runOnlyForDeploymentPostprocessing = 0;
		};
/* End PBXFrameworksBuildPhase section */

/* Begin PBXGroup section */
		501224A51A90BBA5005BFDA1 = {
			isa = PBXGroup;
			children = (
				501224B01A90BBA5005BFDA1 /* PodioPlatformKit */,
				501224BD1A90BBA6005BFDA1 /* PodioPlatformKitTests */,
				501224AF1A90BBA5005BFDA1 /* Products */,
				63DF32D009A47907B16FF04E /* Pods */,
				D9BADC73FB80238A4B2389C6 /* Frameworks */,
			);
			sourceTree = "<group>";
		};
		501224AF1A90BBA5005BFDA1 /* Products */ = {
			isa = PBXGroup;
			children = (
				501224AE1A90BBA5005BFDA1 /* libPodioPlatformKit.a */,
				501224B91A90BBA6005BFDA1 /* PodioPlatformKitTests.xctest */,
			);
			name = Products;
			sourceTree = "<group>";
		};
		501224B01A90BBA5005BFDA1 /* PodioPlatformKit */ = {
			isa = PBXGroup;
			children = (
				50298D0C1AEA45FC0012D4C7 /* PodioKitCore */,
				50F276E01AE6580F00CA33C7 /* Common */,
			);
			path = PodioPlatformKit;
			sourceTree = "<group>";
		};
		501224BD1A90BBA6005BFDA1 /* PodioPlatformKitTests */ = {
			isa = PBXGroup;
			children = (
				501224BE1A90BBA6005BFDA1 /* Supporting Files */,
				50F2761C1AE63B1900CA33C7 /* PodioPlatformKitTests.m */,
			);
			path = PodioPlatformKitTests;
			sourceTree = "<group>";
		};
		501224BE1A90BBA6005BFDA1 /* Supporting Files */ = {
			isa = PBXGroup;
			children = (
				501224BF1A90BBA6005BFDA1 /* Info.plist */,
			);
			name = "Supporting Files";
			sourceTree = "<group>";
		};
		50298D0C1AEA45FC0012D4C7 /* PodioKitCore */ = {
			isa = PBXGroup;
			children = (
				50298D0D1AEA45FC0012D4C7 /* Common */,
				50298D801AEA45FC0012D4C7 /* Push */,
				50298D851AEA45FC0012D4C7 /* UIKit */,
			);
			name = PodioKitCore;
			path = "Vendor/podio-objc-core/PodioKitCore";
			sourceTree = SOURCE_ROOT;
		};
		50298D0D1AEA45FC0012D4C7 /* Common */ = {
			isa = PBXGroup;
			children = (
				50298D0E1AEA45FC0012D4C7 /* API */,
				50298D171AEA45FC0012D4C7 /* Core */,
				50298D371AEA45FC0012D4C7 /* Models */,
				50298D401AEA45FC0012D4C7 /* PodioKitCore.h */,
				50298D411AEA45FC0012D4C7 /* Support */,
			);
			path = Common;
			sourceTree = "<group>";
		};
		50298D0E1AEA45FC0012D4C7 /* API */ = {
			isa = PBXGroup;
			children = (
				50298D0F1AEA45FC0012D4C7 /* PKTAuthenticationAPI.h */,
				50298D101AEA45FC0012D4C7 /* PKTAuthenticationAPI.m */,
				50298D111AEA45FC0012D4C7 /* PKTBaseAPI.h */,
				50298D121AEA45FC0012D4C7 /* PKTBaseAPI.m */,
				50298D131AEA45FC0012D4C7 /* PKTFilesAPI.h */,
				50298D141AEA45FC0012D4C7 /* PKTFilesAPI.m */,
				50298D151AEA45FC0012D4C7 /* PKTUsersAPI.h */,
				50298D161AEA45FC0012D4C7 /* PKTUsersAPI.m */,
			);
			path = API;
			sourceTree = "<group>";
		};
		50298D171AEA45FC0012D4C7 /* Core */ = {
			isa = PBXGroup;
			children = (
				50298D181AEA45FC0012D4C7 /* PKTAsyncTask.h */,
				50298D191AEA45FC0012D4C7 /* PKTAsyncTask.m */,
				50298D1A1AEA45FC0012D4C7 /* PKTClient.h */,
				50298D1B1AEA45FC0012D4C7 /* PKTClient.m */,
				50298D1C1AEA45FC0012D4C7 /* PKTDatastore.h */,
				50298D1D1AEA45FC0012D4C7 /* PKTDatastore.m */,
				50298D1E1AEA45FC0012D4C7 /* PKTHTTPClient.h */,
				50298D1F1AEA45FC0012D4C7 /* PKTHTTPClient.m */,
				50298D201AEA45FC0012D4C7 /* PKTKeychain.h */,
				50298D211AEA45FC0012D4C7 /* PKTKeychain.m */,
				50298D221AEA45FC0012D4C7 /* PKTKeychainTokenStore.h */,
				50298D231AEA45FC0012D4C7 /* PKTKeychainTokenStore.m */,
				50298D241AEA45FC0012D4C7 /* PKTMultipartFormData.h */,
				50298D251AEA45FC0012D4C7 /* PKTMultipartFormData.m */,
				50298D261AEA45FC0012D4C7 /* PKTRequest.h */,
				50298D271AEA45FC0012D4C7 /* PKTRequest.m */,
				50298D281AEA45FC0012D4C7 /* PKTRequestFileData.h */,
				50298D291AEA45FC0012D4C7 /* PKTRequestFileData.m */,
				50298D2A1AEA45FC0012D4C7 /* PKTRequestSerializer.h */,
				50298D2B1AEA45FC0012D4C7 /* PKTRequestSerializer.m */,
				50298D2C1AEA45FC0012D4C7 /* PKTResponse.h */,
				50298D2D1AEA45FC0012D4C7 /* PKTResponse.m */,
				50298D2E1AEA45FC0012D4C7 /* PKTResponseSerializer.h */,
				50298D2F1AEA45FC0012D4C7 /* PKTResponseSerializer.m */,
				50298D301AEA45FC0012D4C7 /* PKTSecurity.h */,
				50298D311AEA45FC0012D4C7 /* PKTSecurity.m */,
				50298D321AEA45FC0012D4C7 /* PKTTokenStore.h */,
				50298D331AEA45FC0012D4C7 /* PKTURLSessionTaskDelegate.h */,
				50298D341AEA45FC0012D4C7 /* PKTURLSessionTaskDelegate.m */,
				50298D351AEA45FC0012D4C7 /* Podio.h */,
				50298D361AEA45FC0012D4C7 /* Podio.m */,
			);
			path = Core;
			sourceTree = "<group>";
		};
		50298D371AEA45FC0012D4C7 /* Models */ = {
			isa = PBXGroup;
			children = (
				50298D381AEA45FC0012D4C7 /* PKTFile.h */,
				50298D391AEA45FC0012D4C7 /* PKTFile.m */,
				50298D3A1AEA45FC0012D4C7 /* PKTModel.h */,
				50298D3B1AEA45FC0012D4C7 /* PKTModel.m */,
				50298D3C1AEA45FC0012D4C7 /* PKTOAuth2Token.h */,
				50298D3D1AEA45FC0012D4C7 /* PKTOAuth2Token.m */,
				50298D3E1AEA45FC0012D4C7 /* PKTPushCredential.h */,
				50298D3F1AEA45FC0012D4C7 /* PKTPushCredential.m */,
			);
			path = Models;
			sourceTree = "<group>";
		};
		50298D411AEA45FC0012D4C7 /* Support */ = {
			isa = PBXGroup;
			children = (
				50298D421AEA45FC0012D4C7 /* NSArray+PKTAdditions.h */,
				50298D431AEA45FC0012D4C7 /* NSArray+PKTAdditions.m */,
				50298D441AEA45FC0012D4C7 /* NSDate+PKTAdditions.h */,
				50298D451AEA45FC0012D4C7 /* NSDate+PKTAdditions.m */,
				50298D461AEA45FC0012D4C7 /* NSDateFormatter+PKTAdditions.h */,
				50298D471AEA45FC0012D4C7 /* NSDateFormatter+PKTAdditions.m */,
				50298D481AEA45FC0012D4C7 /* NSDictionary+PKTAdditions.h */,
				50298D491AEA45FC0012D4C7 /* NSDictionary+PKTAdditions.m */,
				50298D4A1AEA45FC0012D4C7 /* NSDictionary+PKTQueryParameters.h */,
				50298D4B1AEA45FC0012D4C7 /* NSDictionary+PKTQueryParameters.m */,
				50298D4C1AEA45FC0012D4C7 /* NSError+PKTErrors.h */,
				50298D4D1AEA45FC0012D4C7 /* NSError+PKTErrors.m */,
				50298D4E1AEA45FC0012D4C7 /* NSFileManager+PKTAdditions.h */,
				50298D4F1AEA45FC0012D4C7 /* NSFileManager+PKTAdditions.m */,
				50298D501AEA45FC0012D4C7 /* NSMutableURLRequest+PKTHeaders.h */,
				50298D511AEA45FC0012D4C7 /* NSMutableURLRequest+PKTHeaders.m */,
				50298D521AEA45FC0012D4C7 /* NSNumber+PKTAdditions.h */,
				50298D531AEA45FC0012D4C7 /* NSNumber+PKTAdditions.m */,
				50298D541AEA45FC0012D4C7 /* NSNumberFormatter+PKTAdditions.h */,
				50298D551AEA45FC0012D4C7 /* NSNumberFormatter+PKTAdditions.m */,
				50298D561AEA45FC0012D4C7 /* NSObject+PKTIntrospection.h */,
				50298D571AEA45FC0012D4C7 /* NSObject+PKTIntrospection.m */,
				50298D581AEA45FC0012D4C7 /* NSSet+PKTAdditions.h */,
				50298D591AEA45FC0012D4C7 /* NSSet+PKTAdditions.m */,
				50298D5A1AEA45FC0012D4C7 /* NSString+ PKTURLEncode.m */,
				50298D5B1AEA45FC0012D4C7 /* NSString+PKTAdditions.h */,
				50298D5C1AEA45FC0012D4C7 /* NSString+PKTAdditions.m */,
				50298D5D1AEA45FC0012D4C7 /* NSString+PKTBase64.h */,
				50298D5E1AEA45FC0012D4C7 /* NSString+PKTBase64.m */,
				50298D5F1AEA45FC0012D4C7 /* NSString+PKTRandom.h */,
				50298D601AEA45FC0012D4C7 /* NSString+PKTRandom.m */,
				50298D611AEA45FC0012D4C7 /* NSString+PKTURL.h */,
				50298D621AEA45FC0012D4C7 /* NSString+PKTURL.m */,
				50298D631AEA45FC0012D4C7 /* NSString+PKTURLEncode.h */,
				50298D641AEA45FC0012D4C7 /* NSURL+PKTAdditions.h */,
				50298D651AEA45FC0012D4C7 /* NSURL+PKTAdditions.m */,
				50298D661AEA45FC0012D4C7 /* NSURL+PKTImageURL.h */,
				50298D671AEA45FC0012D4C7 /* NSURL+PKTImageURL.m */,
				50298D681AEA45FC0012D4C7 /* NSValueTransformer+PKTConstants.h */,
				50298D691AEA45FC0012D4C7 /* NSValueTransformer+PKTConstants.m */,
				50298D6A1AEA45FC0012D4C7 /* NSValueTransformer+PKTTransformers.h */,
				50298D6B1AEA45FC0012D4C7 /* NSValueTransformer+PKTTransformers.m */,
				50298D6C1AEA45FC0012D4C7 /* PKTAppFieldTypeValueTransformer.h */,
				50298D6D1AEA45FC0012D4C7 /* PKTAppFieldTypeValueTransformer.m */,
				50298D6E1AEA45FC0012D4C7 /* PKTBlockValueTransformer.h */,
				50298D6F1AEA45FC0012D4C7 /* PKTBlockValueTransformer.m */,
				50298D701AEA45FC0012D4C7 /* PKTConstants.h */,
				50298D711AEA45FC0012D4C7 /* PKTDateValueTransformer.h */,
				50298D721AEA45FC0012D4C7 /* PKTDateValueTransformer.m */,
				50298D731AEA45FC0012D4C7 /* PKTDictionaryMappingValueTransformer.h */,
				50298D741AEA45FC0012D4C7 /* PKTDictionaryMappingValueTransformer.m */,
				50298D751AEA45FC0012D4C7 /* PKTMacros.h */,
				50298D761AEA45FC0012D4C7 /* PKTModelValueTransformer.h */,
				50298D771AEA45FC0012D4C7 /* PKTModelValueTransformer.m */,
				50298D781AEA45FC0012D4C7 /* PKTNumberValueTransformer.h */,
				50298D791AEA45FC0012D4C7 /* PKTNumberValueTransformer.m */,
				50298D7A1AEA45FC0012D4C7 /* PKTReferenceTypeValueTransformer.h */,
				50298D7B1AEA45FC0012D4C7 /* PKTReferenceTypeValueTransformer.m */,
				50298D7C1AEA45FC0012D4C7 /* PKTReversibleBlockValueTransformer.h */,
				50298D7D1AEA45FC0012D4C7 /* PKTReversibleBlockValueTransformer.m */,
				50298D7E1AEA45FC0012D4C7 /* PKTURLValueTransformer.h */,
				50298D7F1AEA45FC0012D4C7 /* PKTURLValueTransformer.m */,
			);
			path = Support;
			sourceTree = "<group>";
		};
		50298D801AEA45FC0012D4C7 /* Push */ = {
			isa = PBXGroup;
			children = (
				50298D811AEA45FC0012D4C7 /* PKTPushClient.h */,
				50298D821AEA45FC0012D4C7 /* PKTPushClient.m */,
				50298D831AEA45FC0012D4C7 /* PKTPushEvent.h */,
				50298D841AEA45FC0012D4C7 /* PKTPushEvent.m */,
			);
			path = Push;
			sourceTree = "<group>";
		};
		50298D851AEA45FC0012D4C7 /* UIKit */ = {
			isa = PBXGroup;
			children = (
				50298D861AEA45FC0012D4C7 /* PKTFile+UIImage.h */,
				50298D871AEA45FC0012D4C7 /* PKTFile+UIImage.m */,
				50298D881AEA45FC0012D4C7 /* PKTImageCache.h */,
				50298D891AEA45FC0012D4C7 /* PKTImageCache.m */,
				50298D8A1AEA45FC0012D4C7 /* PKTImageDownloader.h */,
				50298D8B1AEA45FC0012D4C7 /* PKTImageDownloader.m */,
				50298D8C1AEA45FC0012D4C7 /* UIButton+PKTRemoteImage.h */,
				50298D8D1AEA45FC0012D4C7 /* UIButton+PKTRemoteImage.m */,
				50298D8E1AEA45FC0012D4C7 /* UIImageView+PKTRemoteImage.h */,
				50298D8F1AEA45FC0012D4C7 /* UIImageView+PKTRemoteImage.m */,
			);
			path = UIKit;
			sourceTree = "<group>";
		};
		5030427E1A913FCE00082A39 /* API */ = {
			isa = PBXGroup;
			children = (
				5030427F1A91403700082A39 /* PKTAppsAPI.h */,
				503042801A91403700082A39 /* PKTAppsAPI.m */,
			);
			path = API;
			sourceTree = "<group>";
		};
		50F276E01AE6580F00CA33C7 /* Common */ = {
			isa = PBXGroup;
			children = (
				501224B11A90BBA5005BFDA1 /* PodioPlatformKit.h */,
				5030427E1A913FCE00082A39 /* API */,
			);
			path = Common;
			sourceTree = "<group>";
		};
		63DF32D009A47907B16FF04E /* Pods */ = {
			isa = PBXGroup;
			children = (
				99BB32EE99A8DB193A2FF4C8 /* Pods-PodioPlatformKit.debug.xcconfig */,
				FD58F4274F4A31925B97AA49 /* Pods-PodioPlatformKit.release.xcconfig */,
				23E560BC807100A42DCCAABF /* Pods-PodioPlatformKitTests.debug.xcconfig */,
				B0D0F9AFC684191AE2A485F2 /* Pods-PodioPlatformKitTests.release.xcconfig */,
			);
			name = Pods;
			sourceTree = "<group>";
		};
		D9BADC73FB80238A4B2389C6 /* Frameworks */ = {
			isa = PBXGroup;
			children = (
				5922D88386DF2B43A88B1BB6 /* libPods-PodioPlatformKit.a */,
				89C1D0BE53DB514EE04F1149 /* libPods-PodioPlatformKitTests.a */,
			);
			name = Frameworks;
			sourceTree = "<group>";
		};
/* End PBXGroup section */

/* Begin PBXNativeTarget section */
		501224AD1A90BBA5005BFDA1 /* PodioPlatformKit */ = {
			isa = PBXNativeTarget;
			buildConfigurationList = 501224C21A90BBA6005BFDA1 /* Build configuration list for PBXNativeTarget "PodioPlatformKit" */;
			buildPhases = (
				B8AE385C52406F929C1BB572 /* Check Pods Manifest.lock */,
				501224AA1A90BBA5005BFDA1 /* Sources */,
				501224AB1A90BBA5005BFDA1 /* Frameworks */,
				501224AC1A90BBA5005BFDA1 /* CopyFiles */,
				501224D61A90D79F005BFDA1 /* Prepare Framework */,
				155B92BB7EEFD0B8A1310D7C /* Copy Pods Resources */,
			);
			buildRules = (
			);
			dependencies = (
			);
			name = PodioPlatformKit;
			productName = PodioPlatformKit;
			productReference = 501224AE1A90BBA5005BFDA1 /* libPodioPlatformKit.a */;
			productType = "com.apple.product-type.library.static";
		};
		501224B81A90BBA6005BFDA1 /* PodioPlatformKitTests */ = {
			isa = PBXNativeTarget;
			buildConfigurationList = 501224C51A90BBA6005BFDA1 /* Build configuration list for PBXNativeTarget "PodioPlatformKitTests" */;
			buildPhases = (
				DB186B5B65FC61BEA2B10843 /* Check Pods Manifest.lock */,
				501224B51A90BBA6005BFDA1 /* Sources */,
				501224B61A90BBA6005BFDA1 /* Frameworks */,
				501224B71A90BBA6005BFDA1 /* Resources */,
				960849BF4179DA6F3F2FE225 /* Copy Pods Resources */,
			);
			buildRules = (
			);
			dependencies = (
				501224BC1A90BBA6005BFDA1 /* PBXTargetDependency */,
			);
			name = PodioPlatformKitTests;
			productName = PodioPlatformKitTests;
			productReference = 501224B91A90BBA6005BFDA1 /* PodioPlatformKitTests.xctest */;
			productType = "com.apple.product-type.bundle.unit-test";
		};
/* End PBXNativeTarget section */

/* Begin PBXProject section */
		501224A61A90BBA5005BFDA1 /* Project object */ = {
			isa = PBXProject;
			attributes = {
				LastUpgradeCheck = 0610;
				ORGANIZATIONNAME = "Citrix Systems, Inc.";
				TargetAttributes = {
					501224AD1A90BBA5005BFDA1 = {
						CreatedOnToolsVersion = 6.1.1;
					};
					501224B81A90BBA6005BFDA1 = {
						CreatedOnToolsVersion = 6.1.1;
					};
					501224DD1A9120B5005BFDA1 = {
						CreatedOnToolsVersion = 6.1.1;
					};
				};
			};
			buildConfigurationList = 501224A91A90BBA5005BFDA1 /* Build configuration list for PBXProject "PodioPlatformKit" */;
			compatibilityVersion = "Xcode 3.2";
			developmentRegion = English;
			hasScannedForEncodings = 0;
			knownRegions = (
				en,
			);
			mainGroup = 501224A51A90BBA5005BFDA1;
			productRefGroup = 501224AF1A90BBA5005BFDA1 /* Products */;
			projectDirPath = "";
			projectRoot = "";
			targets = (
				501224AD1A90BBA5005BFDA1 /* PodioPlatformKit */,
				501224B81A90BBA6005BFDA1 /* PodioPlatformKitTests */,
				501224DD1A9120B5005BFDA1 /* Framework */,
			);
		};
/* End PBXProject section */

/* Begin PBXResourcesBuildPhase section */
		501224B71A90BBA6005BFDA1 /* Resources */ = {
			isa = PBXResourcesBuildPhase;
			buildActionMask = 2147483647;
			files = (
			);
			runOnlyForDeploymentPostprocessing = 0;
		};
/* End PBXResourcesBuildPhase section */

/* Begin PBXShellScriptBuildPhase section */
		155B92BB7EEFD0B8A1310D7C /* Copy Pods Resources */ = {
			isa = PBXShellScriptBuildPhase;
			buildActionMask = 2147483647;
			files = (
			);
			inputPaths = (
			);
			name = "Copy Pods Resources";
			outputPaths = (
			);
			runOnlyForDeploymentPostprocessing = 0;
			shellPath = /bin/sh;
			shellScript = "\"${SRCROOT}/Pods/Target Support Files/Pods-PodioPlatformKit/Pods-PodioPlatformKit-resources.sh\"\n";
			showEnvVarsInLog = 0;
		};
		501224D61A90D79F005BFDA1 /* Prepare Framework */ = {
			isa = PBXShellScriptBuildPhase;
			buildActionMask = 2147483647;
			files = (
			);
			inputPaths = (
			);
			name = "Prepare Framework";
			outputPaths = (
			);
			runOnlyForDeploymentPostprocessing = 0;
			shellPath = /bin/sh;
			shellScript = ./Scripts/prepare_framework.sh;
		};
		501224E31A9120CF005BFDA1 /* Build Framework */ = {
			isa = PBXShellScriptBuildPhase;
			buildActionMask = 2147483647;
			files = (
			);
			inputPaths = (
			);
			name = "Build Framework";
			outputPaths = (
			);
			runOnlyForDeploymentPostprocessing = 0;
			shellPath = /bin/sh;
			shellScript = ./Scripts/build_framework.sh;
		};
		960849BF4179DA6F3F2FE225 /* Copy Pods Resources */ = {
			isa = PBXShellScriptBuildPhase;
			buildActionMask = 2147483647;
			files = (
			);
			inputPaths = (
			);
			name = "Copy Pods Resources";
			outputPaths = (
			);
			runOnlyForDeploymentPostprocessing = 0;
			shellPath = /bin/sh;
			shellScript = "\"${SRCROOT}/Pods/Target Support Files/Pods-PodioPlatformKitTests/Pods-PodioPlatformKitTests-resources.sh\"\n";
			showEnvVarsInLog = 0;
		};
		B8AE385C52406F929C1BB572 /* Check Pods Manifest.lock */ = {
			isa = PBXShellScriptBuildPhase;
			buildActionMask = 2147483647;
			files = (
			);
			inputPaths = (
			);
			name = "Check Pods Manifest.lock";
			outputPaths = (
			);
			runOnlyForDeploymentPostprocessing = 0;
			shellPath = /bin/sh;
			shellScript = "diff \"${PODS_ROOT}/../Podfile.lock\" \"${PODS_ROOT}/Manifest.lock\" > /dev/null\nif [[ $? != 0 ]] ; then\n    cat << EOM\nerror: The sandbox is not in sync with the Podfile.lock. Run 'pod install' or update your CocoaPods installation.\nEOM\n    exit 1\nfi\n";
			showEnvVarsInLog = 0;
		};
		DB186B5B65FC61BEA2B10843 /* Check Pods Manifest.lock */ = {
			isa = PBXShellScriptBuildPhase;
			buildActionMask = 2147483647;
			files = (
			);
			inputPaths = (
			);
			name = "Check Pods Manifest.lock";
			outputPaths = (
			);
			runOnlyForDeploymentPostprocessing = 0;
			shellPath = /bin/sh;
			shellScript = "diff \"${PODS_ROOT}/../Podfile.lock\" \"${PODS_ROOT}/Manifest.lock\" > /dev/null\nif [[ $? != 0 ]] ; then\n    cat << EOM\nerror: The sandbox is not in sync with the Podfile.lock. Run 'pod install' or update your CocoaPods installation.\nEOM\n    exit 1\nfi\n";
			showEnvVarsInLog = 0;
		};
/* End PBXShellScriptBuildPhase section */

/* Begin PBXSourcesBuildPhase section */
		501224AA1A90BBA5005BFDA1 /* Sources */ = {
			isa = PBXSourcesBuildPhase;
			buildActionMask = 2147483647;
			files = (
				50298DB11AEA45FC0012D4C7 /* NSObject+PKTIntrospection.m in Sources */,
				50298DA51AEA45FC0012D4C7 /* PKTOAuth2Token.m in Sources */,
				50298DB31AEA45FC0012D4C7 /* NSString+ PKTURLEncode.m in Sources */,
				50298DBD1AEA45FC0012D4C7 /* PKTBlockValueTransformer.m in Sources */,
				50298D9A1AEA45FC0012D4C7 /* PKTMultipartFormData.m in Sources */,
				50298DC41AEA45FC0012D4C7 /* PKTURLValueTransformer.m in Sources */,
				50298D951AEA45FC0012D4C7 /* PKTClient.m in Sources */,
				50298DC71AEA45FC0012D4C7 /* PKTFile+UIImage.m in Sources */,
				50298DCB1AEA45FC0012D4C7 /* UIImageView+PKTRemoteImage.m in Sources */,
				50298DC81AEA45FC0012D4C7 /* PKTImageCache.m in Sources */,
				50298DB51AEA45FC0012D4C7 /* NSString+PKTBase64.m in Sources */,
				50298DAF1AEA45FC0012D4C7 /* NSNumber+PKTAdditions.m in Sources */,
				50298D9B1AEA45FC0012D4C7 /* PKTRequest.m in Sources */,
				50298DC61AEA45FC0012D4C7 /* PKTPushEvent.m in Sources */,
				50298D921AEA45FC0012D4C7 /* PKTFilesAPI.m in Sources */,
				50298D901AEA45FC0012D4C7 /* PKTAuthenticationAPI.m in Sources */,
				50298DAC1AEA45FC0012D4C7 /* NSError+PKTErrors.m in Sources */,
				50298DBF1AEA45FC0012D4C7 /* PKTDictionaryMappingValueTransformer.m in Sources */,
				50298DB71AEA45FC0012D4C7 /* NSString+PKTURL.m in Sources */,
				50298DBB1AEA45FC0012D4C7 /* NSValueTransformer+PKTTransformers.m in Sources */,
				50298DA91AEA45FC0012D4C7 /* NSDateFormatter+PKTAdditions.m in Sources */,
				50298DA41AEA45FC0012D4C7 /* PKTModel.m in Sources */,
				50298DB81AEA45FC0012D4C7 /* NSURL+PKTAdditions.m in Sources */,
				50298DBE1AEA45FC0012D4C7 /* PKTDateValueTransformer.m in Sources */,
				50298D9C1AEA45FC0012D4C7 /* PKTRequestFileData.m in Sources */,
				50298DA61AEA45FC0012D4C7 /* PKTPushCredential.m in Sources */,
				50298DC51AEA45FC0012D4C7 /* PKTPushClient.m in Sources */,
				50298DB21AEA45FC0012D4C7 /* NSSet+PKTAdditions.m in Sources */,
				50298DCA1AEA45FC0012D4C7 /* UIButton+PKTRemoteImage.m in Sources */,
				50298DAA1AEA45FC0012D4C7 /* NSDictionary+PKTAdditions.m in Sources */,
				50298D9E1AEA45FC0012D4C7 /* PKTResponse.m in Sources */,
				50298DB41AEA45FC0012D4C7 /* NSString+PKTAdditions.m in Sources */,
				50298DA01AEA45FC0012D4C7 /* PKTSecurity.m in Sources */,
				50298D931AEA45FC0012D4C7 /* PKTUsersAPI.m in Sources */,
				50298DA11AEA45FC0012D4C7 /* PKTURLSessionTaskDelegate.m in Sources */,
				50298DAE1AEA45FC0012D4C7 /* NSMutableURLRequest+PKTHeaders.m in Sources */,
				50298DC31AEA45FC0012D4C7 /* PKTReversibleBlockValueTransformer.m in Sources */,
				50298DC91AEA45FC0012D4C7 /* PKTImageDownloader.m in Sources */,
				50298D941AEA45FC0012D4C7 /* PKTAsyncTask.m in Sources */,
				50298DAB1AEA45FC0012D4C7 /* NSDictionary+PKTQueryParameters.m in Sources */,
				50298D911AEA45FC0012D4C7 /* PKTBaseAPI.m in Sources */,
				50298DBA1AEA45FC0012D4C7 /* NSValueTransformer+PKTConstants.m in Sources */,
				50298DB91AEA45FC0012D4C7 /* NSURL+PKTImageURL.m in Sources */,
				50298DB61AEA45FC0012D4C7 /* NSString+PKTRandom.m in Sources */,
				50298DBC1AEA45FC0012D4C7 /* PKTAppFieldTypeValueTransformer.m in Sources */,
				50298D991AEA45FC0012D4C7 /* PKTKeychainTokenStore.m in Sources */,
				50298DA81AEA45FC0012D4C7 /* NSDate+PKTAdditions.m in Sources */,
				50298DC11AEA45FC0012D4C7 /* PKTNumberValueTransformer.m in Sources */,
				50298DA31AEA45FC0012D4C7 /* PKTFile.m in Sources */,
				50298DA71AEA45FC0012D4C7 /* NSArray+PKTAdditions.m in Sources */,
				50298DA21AEA45FC0012D4C7 /* Podio.m in Sources */,
				50298DB01AEA45FC0012D4C7 /* NSNumberFormatter+PKTAdditions.m in Sources */,
				50298D9D1AEA45FC0012D4C7 /* PKTRequestSerializer.m in Sources */,
				50298DC01AEA45FC0012D4C7 /* PKTModelValueTransformer.m in Sources */,
				50298DC21AEA45FC0012D4C7 /* PKTReferenceTypeValueTransformer.m in Sources */,
				50298D971AEA45FC0012D4C7 /* PKTHTTPClient.m in Sources */,
				503042811A91403700082A39 /* PKTAppsAPI.m in Sources */,
				50298DAD1AEA45FC0012D4C7 /* NSFileManager+PKTAdditions.m in Sources */,
				50298D9F1AEA45FC0012D4C7 /* PKTResponseSerializer.m in Sources */,
				50298D961AEA45FC0012D4C7 /* PKTDatastore.m in Sources */,
				50298D981AEA45FC0012D4C7 /* PKTKeychain.m in Sources */,
			);
			runOnlyForDeploymentPostprocessing = 0;
		};
		501224B51A90BBA6005BFDA1 /* Sources */ = {
			isa = PBXSourcesBuildPhase;
			buildActionMask = 2147483647;
			files = (
				50F2761D1AE63B1900CA33C7 /* PodioPlatformKitTests.m in Sources */,
			);
			runOnlyForDeploymentPostprocessing = 0;
		};
/* End PBXSourcesBuildPhase section */

/* Begin PBXTargetDependency section */
		501224BC1A90BBA6005BFDA1 /* PBXTargetDependency */ = {
			isa = PBXTargetDependency;
			target = 501224AD1A90BBA5005BFDA1 /* PodioPlatformKit */;
			targetProxy = 501224BB1A90BBA6005BFDA1 /* PBXContainerItemProxy */;
		};
		501224E21A9120BC005BFDA1 /* PBXTargetDependency */ = {
			isa = PBXTargetDependency;
			target = 501224AD1A90BBA5005BFDA1 /* PodioPlatformKit */;
			targetProxy = 501224E11A9120BC005BFDA1 /* PBXContainerItemProxy */;
		};
/* End PBXTargetDependency section */

/* Begin XCBuildConfiguration section */
		501224C01A90BBA6005BFDA1 /* Debug */ = {
			isa = XCBuildConfiguration;
			buildSettings = {
				ALWAYS_SEARCH_USER_PATHS = NO;
				CLANG_CXX_LANGUAGE_STANDARD = "gnu++0x";
				CLANG_CXX_LIBRARY = "libc++";
				CLANG_ENABLE_MODULES = YES;
				CLANG_ENABLE_OBJC_ARC = YES;
				CLANG_WARN_BOOL_CONVERSION = YES;
				CLANG_WARN_CONSTANT_CONVERSION = YES;
				CLANG_WARN_DIRECT_OBJC_ISA_USAGE = YES_ERROR;
				CLANG_WARN_EMPTY_BODY = YES;
				CLANG_WARN_ENUM_CONVERSION = YES;
				CLANG_WARN_INT_CONVERSION = YES;
				CLANG_WARN_OBJC_ROOT_CLASS = YES_ERROR;
				CLANG_WARN_UNREACHABLE_CODE = YES;
				CLANG_WARN__DUPLICATE_METHOD_MATCH = YES;
				COPY_PHASE_STRIP = NO;
				ENABLE_STRICT_OBJC_MSGSEND = YES;
				GCC_C_LANGUAGE_STANDARD = gnu99;
				GCC_DYNAMIC_NO_PIC = NO;
				GCC_OPTIMIZATION_LEVEL = 0;
				GCC_PREPROCESSOR_DEFINITIONS = (
					"DEBUG=1",
					"$(inherited)",
				);
				GCC_SYMBOLS_PRIVATE_EXTERN = NO;
				GCC_WARN_64_TO_32_BIT_CONVERSION = YES;
				GCC_WARN_ABOUT_RETURN_TYPE = YES_ERROR;
				GCC_WARN_UNDECLARED_SELECTOR = YES;
				GCC_WARN_UNINITIALIZED_AUTOS = YES_AGGRESSIVE;
				GCC_WARN_UNUSED_FUNCTION = YES;
				GCC_WARN_UNUSED_VARIABLE = YES;
				IPHONEOS_DEPLOYMENT_TARGET = 8.1;
				MTL_ENABLE_DEBUG_INFO = YES;
				SDKROOT = iphoneos;
			};
			name = Debug;
		};
		501224C11A90BBA6005BFDA1 /* Release */ = {
			isa = XCBuildConfiguration;
			buildSettings = {
				ALWAYS_SEARCH_USER_PATHS = NO;
				CLANG_CXX_LANGUAGE_STANDARD = "gnu++0x";
				CLANG_CXX_LIBRARY = "libc++";
				CLANG_ENABLE_MODULES = YES;
				CLANG_ENABLE_OBJC_ARC = YES;
				CLANG_WARN_BOOL_CONVERSION = YES;
				CLANG_WARN_CONSTANT_CONVERSION = YES;
				CLANG_WARN_DIRECT_OBJC_ISA_USAGE = YES_ERROR;
				CLANG_WARN_EMPTY_BODY = YES;
				CLANG_WARN_ENUM_CONVERSION = YES;
				CLANG_WARN_INT_CONVERSION = YES;
				CLANG_WARN_OBJC_ROOT_CLASS = YES_ERROR;
				CLANG_WARN_UNREACHABLE_CODE = YES;
				CLANG_WARN__DUPLICATE_METHOD_MATCH = YES;
				COPY_PHASE_STRIP = YES;
				ENABLE_NS_ASSERTIONS = NO;
				ENABLE_STRICT_OBJC_MSGSEND = YES;
				GCC_C_LANGUAGE_STANDARD = gnu99;
				GCC_WARN_64_TO_32_BIT_CONVERSION = YES;
				GCC_WARN_ABOUT_RETURN_TYPE = YES_ERROR;
				GCC_WARN_UNDECLARED_SELECTOR = YES;
				GCC_WARN_UNINITIALIZED_AUTOS = YES_AGGRESSIVE;
				GCC_WARN_UNUSED_FUNCTION = YES;
				GCC_WARN_UNUSED_VARIABLE = YES;
				IPHONEOS_DEPLOYMENT_TARGET = 8.1;
				MTL_ENABLE_DEBUG_INFO = NO;
				SDKROOT = iphoneos;
				VALIDATE_PRODUCT = YES;
			};
			name = Release;
		};
		501224C31A90BBA6005BFDA1 /* Debug */ = {
			isa = XCBuildConfiguration;
			baseConfigurationReference = 99BB32EE99A8DB193A2FF4C8 /* Pods-PodioPlatformKit.debug.xcconfig */;
			buildSettings = {
				COPY_PHASE_STRIP = NO;
				DEAD_CODE_STRIPPING = NO;
				PRODUCT_NAME = "$(TARGET_NAME)";
				PUBLIC_HEADERS_FOLDER_PATH = "include/$(PROJECT_NAME)";
				SKIP_INSTALL = YES;
				STRIP_STYLE = "non-global";
			};
			name = Debug;
		};
		501224C41A90BBA6005BFDA1 /* Release */ = {
			isa = XCBuildConfiguration;
			baseConfigurationReference = FD58F4274F4A31925B97AA49 /* Pods-PodioPlatformKit.release.xcconfig */;
			buildSettings = {
				COPY_PHASE_STRIP = NO;
				DEAD_CODE_STRIPPING = NO;
				PRODUCT_NAME = "$(TARGET_NAME)";
				PUBLIC_HEADERS_FOLDER_PATH = "include/$(PROJECT_NAME)";
				SKIP_INSTALL = YES;
				STRIP_STYLE = "non-global";
			};
			name = Release;
		};
		501224C61A90BBA6005BFDA1 /* Debug */ = {
			isa = XCBuildConfiguration;
			baseConfigurationReference = 23E560BC807100A42DCCAABF /* Pods-PodioPlatformKitTests.debug.xcconfig */;
			buildSettings = {
				FRAMEWORK_SEARCH_PATHS = (
					"$(SDKROOT)/Developer/Library/Frameworks",
					"$(inherited)",
				);
				GCC_PREPROCESSOR_DEFINITIONS = (
					"DEBUG=1",
					"$(inherited)",
				);
				INFOPLIST_FILE = PodioPlatformKitTests/Info.plist;
				LD_RUNPATH_SEARCH_PATHS = "$(inherited) @executable_path/Frameworks @loader_path/Frameworks";
				PRODUCT_NAME = "$(TARGET_NAME)";
			};
			name = Debug;
		};
		501224C71A90BBA6005BFDA1 /* Release */ = {
			isa = XCBuildConfiguration;
			baseConfigurationReference = B0D0F9AFC684191AE2A485F2 /* Pods-PodioPlatformKitTests.release.xcconfig */;
			buildSettings = {
				FRAMEWORK_SEARCH_PATHS = (
					"$(SDKROOT)/Developer/Library/Frameworks",
					"$(inherited)",
				);
				INFOPLIST_FILE = PodioPlatformKitTests/Info.plist;
				LD_RUNPATH_SEARCH_PATHS = "$(inherited) @executable_path/Frameworks @loader_path/Frameworks";
				PRODUCT_NAME = "$(TARGET_NAME)";
			};
			name = Release;
		};
		501224DF1A9120B5005BFDA1 /* Debug */ = {
			isa = XCBuildConfiguration;
			buildSettings = {
				PRODUCT_NAME = "$(TARGET_NAME)";
			};
			name = Debug;
		};
		501224E01A9120B5005BFDA1 /* Release */ = {
			isa = XCBuildConfiguration;
			buildSettings = {
				PRODUCT_NAME = "$(TARGET_NAME)";
			};
			name = Release;
		};
/* End XCBuildConfiguration section */

/* Begin XCConfigurationList section */
		501224A91A90BBA5005BFDA1 /* Build configuration list for PBXProject "PodioPlatformKit" */ = {
			isa = XCConfigurationList;
			buildConfigurations = (
				501224C01A90BBA6005BFDA1 /* Debug */,
				501224C11A90BBA6005BFDA1 /* Release */,
			);
			defaultConfigurationIsVisible = 0;
			defaultConfigurationName = Release;
		};
		501224C21A90BBA6005BFDA1 /* Build configuration list for PBXNativeTarget "PodioPlatformKit" */ = {
			isa = XCConfigurationList;
			buildConfigurations = (
				501224C31A90BBA6005BFDA1 /* Debug */,
				501224C41A90BBA6005BFDA1 /* Release */,
			);
			defaultConfigurationIsVisible = 0;
			defaultConfigurationName = Release;
		};
		501224C51A90BBA6005BFDA1 /* Build configuration list for PBXNativeTarget "PodioPlatformKitTests" */ = {
			isa = XCConfigurationList;
			buildConfigurations = (
				501224C61A90BBA6005BFDA1 /* Debug */,
				501224C71A90BBA6005BFDA1 /* Release */,
			);
			defaultConfigurationIsVisible = 0;
			defaultConfigurationName = Release;
		};
		501224DE1A9120B5005BFDA1 /* Build configuration list for PBXAggregateTarget "Framework" */ = {
			isa = XCConfigurationList;
			buildConfigurations = (
				501224DF1A9120B5005BFDA1 /* Debug */,
				501224E01A9120B5005BFDA1 /* Release */,
			);
			defaultConfigurationIsVisible = 0;
			defaultConfigurationName = Release;
		};
/* End XCConfigurationList section */
	};
	rootObject = 501224A61A90BBA5005BFDA1 /* Project object */;
}
